// !$*UTF8*$!
{
	archiveVersion = 1;
	classes = {
	};
	objectVersion = 77;
	objects = {

/* Begin PBXBuildFile section */
		A86776402E06E156000A3027 /* Data in Frameworks */ = {isa = PBXBuildFile; productRef = A867763F2E06E156000A3027 /* Data */; };
		A86776432E06E16D000A3027 /* Domain in Frameworks */ = {isa = PBXBuildFile; productRef = A86776422E06E16D000A3027 /* Domain */; };
		A86776472E06E1A6000A3027 /* Presentation in Frameworks */ = {isa = PBXBuildFile; productRef = A86776462E06E1A6000A3027 /* Presentation */; };
		A86776492E06E1AC000A3027 /* Core in Frameworks */ = {isa = PBXBuildFile; productRef = A86776482E06E1AC000A3027 /* Core */; };
/* End PBXBuildFile section */

/* Begin PBXContainerItemProxy section */
		A86776212E06E12A000A3027 /* PBXContainerItemProxy */ = {
			isa = PBXContainerItemProxy;
			containerPortal = A86776082E06E129000A3027 /* Project object */;
			proxyType = 1;
			remoteGlobalIDString = A867760F2E06E129000A3027;
			remoteInfo = MyMovie;
		};
		A867762B2E06E12A000A3027 /* PBXContainerItemProxy */ = {
			isa = PBXContainerItemProxy;
			containerPortal = A86776082E06E129000A3027 /* Project object */;
			proxyType = 1;
			remoteGlobalIDString = A867760F2E06E129000A3027;
			remoteInfo = MyMovie;
		};
/* End PBXContainerItemProxy section */

/* Begin PBXFileReference section */
		A86776102E06E129000A3027 /* MyMovie.app */ = {isa = PBXFileReference; explicitFileType = wrapper.application; includeInIndex = 0; path = MyMovie.app; sourceTree = BUILT_PRODUCTS_DIR; };
		A86776202E06E12A000A3027 /* MyMovieTests.xctest */ = {isa = PBXFileReference; explicitFileType = wrapper.cfbundle; includeInIndex = 0; path = MyMovieTests.xctest; sourceTree = BUILT_PRODUCTS_DIR; };
		A867762A2E06E12A000A3027 /* MyMovieUITests.xctest */ = {isa = PBXFileReference; explicitFileType = wrapper.cfbundle; includeInIndex = 0; path = MyMovieUITests.xctest; sourceTree = BUILT_PRODUCTS_DIR; };
		A867763D2E06E148000A3027 /* Data */ = {isa = PBXFileReference; lastKnownFileType = wrapper; path = Data; sourceTree = "<group>"; };
		A86776412E06E165000A3027 /* Domain */ = {isa = PBXFileReference; lastKnownFileType = wrapper; path = Domain; sourceTree = "<group>"; };
		A86776442E06E189000A3027 /* Presentation */ = {isa = PBXFileReference; lastKnownFileType = wrapper; path = Presentation; sourceTree = "<group>"; };
		A86776452E06E19E000A3027 /* Core */ = {isa = PBXFileReference; lastKnownFileType = wrapper; path = Core; sourceTree = "<group>"; };
/* End PBXFileReference section */

/* Begin PBXFileSystemSynchronizedRootGroup section */
		A86776122E06E129000A3027 /* MyMovie */ = {
			isa = PBXFileSystemSynchronizedRootGroup;
			path = MyMovie;
			sourceTree = "<group>";
		};
		A86776232E06E12A000A3027 /* MyMovieTests */ = {
			isa = PBXFileSystemSynchronizedRootGroup;
			path = MyMovieTests;
			sourceTree = "<group>";
		};
		A867762D2E06E12A000A3027 /* MyMovieUITests */ = {
			isa = PBXFileSystemSynchronizedRootGroup;
			path = MyMovieUITests;
			sourceTree = "<group>";
		};
/* End PBXFileSystemSynchronizedRootGroup section */

/* Begin PBXFrameworksBuildPhase section */
		A867760D2E06E129000A3027 /* Frameworks */ = {
			isa = PBXFrameworksBuildPhase;
			buildActionMask = 2147483647;
			files = (
				A86776432E06E16D000A3027 /* Domain in Frameworks */,
				A86776492E06E1AC000A3027 /* Core in Frameworks */,
				A86776472E06E1A6000A3027 /* Presentation in Frameworks */,
				A86776402E06E156000A3027 /* Data in Frameworks */,
			);
			runOnlyForDeploymentPostprocessing = 0;
		};
		A867761D2E06E12A000A3027 /* Frameworks */ = {
			isa = PBXFrameworksBuildPhase;
			buildActionMask = 2147483647;
			files = (
			);
			runOnlyForDeploymentPostprocessing = 0;
		};
		A86776272E06E12A000A3027 /* Frameworks */ = {
			isa = PBXFrameworksBuildPhase;
			buildActionMask = 2147483647;
			files = (
			);
			runOnlyForDeploymentPostprocessing = 0;
		};
/* End PBXFrameworksBuildPhase section */

/* Begin PBXGroup section */
		A86776072E06E129000A3027 = {
			isa = PBXGroup;
			children = (
				A86776452E06E19E000A3027 /* Core */,
				A86776442E06E189000A3027 /* Presentation */,
				A86776412E06E165000A3027 /* Domain */,
				A867763D2E06E148000A3027 /* Data */,
				A86776122E06E129000A3027 /* MyMovie */,
				A86776232E06E12A000A3027 /* MyMovieTests */,
				A867762D2E06E12A000A3027 /* MyMovieUITests */,
				A867763E2E06E156000A3027 /* Frameworks */,
				A86776112E06E129000A3027 /* Products */,
			);
			sourceTree = "<group>";
		};
		A86776112E06E129000A3027 /* Products */ = {
			isa = PBXGroup;
			children = (
				A86776102E06E129000A3027 /* MyMovie.app */,
				A86776202E06E12A000A3027 /* MyMovieTests.xctest */,
				A867762A2E06E12A000A3027 /* MyMovieUITests.xctest */,
			);
			name = Products;
			sourceTree = "<group>";
		};
		A867763E2E06E156000A3027 /* Frameworks */ = {
			isa = PBXGroup;
			children = (
			);
			name = Frameworks;
			sourceTree = "<group>";
		};
/* End PBXGroup section */

/* Begin PBXNativeTarget section */
		A867760F2E06E129000A3027 /* MyMovie */ = {
			isa = PBXNativeTarget;
			buildConfigurationList = A86776342E06E12A000A3027 /* Build configuration list for PBXNativeTarget "MyMovie" */;
			buildPhases = (
				A867760C2E06E129000A3027 /* Sources */,
				A867760D2E06E129000A3027 /* Frameworks */,
				A867760E2E06E129000A3027 /* Resources */,
			);
			buildRules = (
			);
			dependencies = (
			);
			fileSystemSynchronizedGroups = (
				A86776122E06E129000A3027 /* MyMovie */,
			);
			name = MyMovie;
			packageProductDependencies = (
				A867763F2E06E156000A3027 /* Data */,
				A86776422E06E16D000A3027 /* Domain */,
				A86776462E06E1A6000A3027 /* Presentation */,
				A86776482E06E1AC000A3027 /* Core */,
			);
			productName = MyMovie;
			productReference = A86776102E06E129000A3027 /* MyMovie.app */;
			productType = "com.apple.product-type.application";
		};
		A867761F2E06E12A000A3027 /* MyMovieTests */ = {
			isa = PBXNativeTarget;
			buildConfigurationList = A86776372E06E12A000A3027 /* Build configuration list for PBXNativeTarget "MyMovieTests" */;
			buildPhases = (
				A867761C2E06E12A000A3027 /* Sources */,
				A867761D2E06E12A000A3027 /* Frameworks */,
				A867761E2E06E12A000A3027 /* Resources */,
			);
			buildRules = (
			);
			dependencies = (
				A86776222E06E12A000A3027 /* PBXTargetDependency */,
			);
			fileSystemSynchronizedGroups = (
				A86776232E06E12A000A3027 /* MyMovieTests */,
			);
			name = MyMovieTests;
			packageProductDependencies = (
			);
			productName = MyMovieTests;
			productReference = A86776202E06E12A000A3027 /* MyMovieTests.xctest */;
			productType = "com.apple.product-type.bundle.unit-test";
		};
		A86776292E06E12A000A3027 /* MyMovieUITests */ = {
			isa = PBXNativeTarget;
			buildConfigurationList = A867763A2E06E12A000A3027 /* Build configuration list for PBXNativeTarget "MyMovieUITests" */;
			buildPhases = (
				A86776262E06E12A000A3027 /* Sources */,
				A86776272E06E12A000A3027 /* Frameworks */,
				A86776282E06E12A000A3027 /* Resources */,
			);
			buildRules = (
			);
			dependencies = (
				A867762C2E06E12A000A3027 /* PBXTargetDependency */,
			);
			fileSystemSynchronizedGroups = (
				A867762D2E06E12A000A3027 /* MyMovieUITests */,
			);
			name = MyMovieUITests;
			packageProductDependencies = (
			);
			productName = MyMovieUITests;
			productReference = A867762A2E06E12A000A3027 /* MyMovieUITests.xctest */;
			productType = "com.apple.product-type.bundle.ui-testing";
		};
/* End PBXNativeTarget section */

/* Begin PBXProject section */
		A86776082E06E129000A3027 /* Project object */ = {
			isa = PBXProject;
			attributes = {
				BuildIndependentTargetsInParallel = 1;
				LastSwiftUpdateCheck = 1600;
				LastUpgradeCheck = 1600;
				TargetAttributes = {
					A867760F2E06E129000A3027 = {
						CreatedOnToolsVersion = 16.0;
					};
					A867761F2E06E12A000A3027 = {
						CreatedOnToolsVersion = 16.0;
						TestTargetID = A867760F2E06E129000A3027;
					};
					A86776292E06E12A000A3027 = {
						CreatedOnToolsVersion = 16.0;
						TestTargetID = A867760F2E06E129000A3027;
					};
				};
			};
			buildConfigurationList = A867760B2E06E129000A3027 /* Build configuration list for PBXProject "MyMovie" */;
			developmentRegion = en;
			hasScannedForEncodings = 0;
			knownRegions = (
				en,
				Base,
			);
			mainGroup = A86776072E06E129000A3027;
			minimizedProjectReferenceProxies = 1;
			preferredProjectObjectVersion = 77;
			productRefGroup = A86776112E06E129000A3027 /* Products */;
			projectDirPath = "";
			projectRoot = "";
			targets = (
				A867760F2E06E129000A3027 /* MyMovie */,
				A867761F2E06E12A000A3027 /* MyMovieTests */,
				A86776292E06E12A000A3027 /* MyMovieUITests */,
			);
		};
/* End PBXProject section */

/* Begin PBXResourcesBuildPhase section */
		A867760E2E06E129000A3027 /* Resources */ = {
			isa = PBXResourcesBuildPhase;
			buildActionMask = 2147483647;
			files = (
			);
			runOnlyForDeploymentPostprocessing = 0;
		};
		A867761E2E06E12A000A3027 /* Resources */ = {
			isa = PBXResourcesBuildPhase;
			buildActionMask = 2147483647;
			files = (
			);
			runOnlyForDeploymentPostprocessing = 0;
		};
		A86776282E06E12A000A3027 /* Resources */ = {
			isa = PBXResourcesBuildPhase;
			buildActionMask = 2147483647;
			files = (
			);
			runOnlyForDeploymentPostprocessing = 0;
		};
/* End PBXResourcesBuildPhase section */

/* Begin PBXSourcesBuildPhase section */
		A867760C2E06E129000A3027 /* Sources */ = {
			isa = PBXSourcesBuildPhase;
			buildActionMask = 2147483647;
			files = (
			);
			runOnlyForDeploymentPostprocessing = 0;
		};
		A867761C2E06E12A000A3027 /* Sources */ = {
			isa = PBXSourcesBuildPhase;
			buildActionMask = 2147483647;
			files = (
			);
			runOnlyForDeploymentPostprocessing = 0;
		};
		A86776262E06E12A000A3027 /* Sources */ = {
			isa = PBXSourcesBuildPhase;
			buildActionMask = 2147483647;
			files = (
			);
			runOnlyForDeploymentPostprocessing = 0;
		};
/* End PBXSourcesBuildPhase section */

/* Begin PBXTargetDependency section */
		A86776222E06E12A000A3027 /* PBXTargetDependency */ = {
			isa = PBXTargetDependency;
			target = A867760F2E06E129000A3027 /* MyMovie */;
			targetProxy = A86776212E06E12A000A3027 /* PBXContainerItemProxy */;
		};
		A867762C2E06E12A000A3027 /* PBXTargetDependency */ = {
			isa = PBXTargetDependency;
			target = A867760F2E06E129000A3027 /* MyMovie */;
			targetProxy = A867762B2E06E12A000A3027 /* PBXContainerItemProxy */;
		};
/* End PBXTargetDependency section */

/* Begin XCBuildConfiguration section */
		A86776322E06E12A000A3027 /* Debug */ = {
			isa = XCBuildConfiguration;
			buildSettings = {
				ALWAYS_SEARCH_USER_PATHS = NO;
				ASSETCATALOG_COMPILER_GENERATE_SWIFT_ASSET_SYMBOL_EXTENSIONS = YES;
				CLANG_ANALYZER_NONNULL = YES;
				CLANG_ANALYZER_NUMBER_OBJECT_CONVERSION = YES_AGGRESSIVE;
				CLANG_CXX_LANGUAGE_STANDARD = "gnu++20";
				CLANG_ENABLE_MODULES = YES;
				CLANG_ENABLE_OBJC_ARC = YES;
				CLANG_ENABLE_OBJC_WEAK = YES;
				CLANG_WARN_BLOCK_CAPTURE_AUTORELEASING = YES;
				CLANG_WARN_BOOL_CONVERSION = YES;
				CLANG_WARN_COMMA = YES;
				CLANG_WARN_CONSTANT_CONVERSION = YES;
				CLANG_WARN_DEPRECATED_OBJC_IMPLEMENTATIONS = YES;
				CLANG_WARN_DIRECT_OBJC_ISA_USAGE = YES_ERROR;
				CLANG_WARN_DOCUMENTATION_COMMENTS = YES;
				CLANG_WARN_EMPTY_BODY = YES;
				CLANG_WARN_ENUM_CONVERSION = YES;
				CLANG_WARN_INFINITE_RECURSION = YES;
				CLANG_WARN_INT_CONVERSION = YES;
				CLANG_WARN_NON_LITERAL_NULL_CONVERSION = YES;
				CLANG_WARN_OBJC_IMPLICIT_RETAIN_SELF = YES;
				CLANG_WARN_OBJC_LITERAL_CONVERSION = YES;
				CLANG_WARN_OBJC_ROOT_CLASS = YES_ERROR;
				CLANG_WARN_QUOTED_INCLUDE_IN_FRAMEWORK_HEADER = YES;
				CLANG_WARN_RANGE_LOOP_ANALYSIS = YES;
				CLANG_WARN_STRICT_PROTOTYPES = YES;
				CLANG_WARN_SUSPICIOUS_MOVE = YES;
				CLANG_WARN_UNGUARDED_AVAILABILITY = YES_AGGRESSIVE;
				CLANG_WARN_UNREACHABLE_CODE = YES;
				CLANG_WARN__DUPLICATE_METHOD_MATCH = YES;
				COPY_PHASE_STRIP = NO;
				DEBUG_INFORMATION_FORMAT = dwarf;
				ENABLE_STRICT_OBJC_MSGSEND = YES;
				ENABLE_TESTABILITY = YES;
				ENABLE_USER_SCRIPT_SANDBOXING = YES;
				GCC_C_LANGUAGE_STANDARD = gnu17;
				GCC_DYNAMIC_NO_PIC = NO;
				GCC_NO_COMMON_BLOCKS = YES;
				GCC_OPTIMIZATION_LEVEL = 0;
				GCC_PREPROCESSOR_DEFINITIONS = (
					"DEBUG=1",
					"$(inherited)",
				);
				GCC_WARN_64_TO_32_BIT_CONVERSION = YES;
				GCC_WARN_ABOUT_RETURN_TYPE = YES_ERROR;
				GCC_WARN_UNDECLARED_SELECTOR = YES;
				GCC_WARN_UNINITIALIZED_AUTOS = YES_AGGRESSIVE;
				GCC_WARN_UNUSED_FUNCTION = YES;
				GCC_WARN_UNUSED_VARIABLE = YES;
				IPHONEOS_DEPLOYMENT_TARGET = 18.0;
				LOCALIZATION_PREFERS_STRING_CATALOGS = YES;
				MTL_ENABLE_DEBUG_INFO = INCLUDE_SOURCE;
				MTL_FAST_MATH = YES;
				ONLY_ACTIVE_ARCH = YES;
				SDKROOT = iphoneos;
				SWIFT_ACTIVE_COMPILATION_CONDITIONS = "DEBUG $(inherited)";
				SWIFT_OPTIMIZATION_LEVEL = "-Onone";
			};
			name = Debug;
		};
		A86776332E06E12A000A3027 /* Release */ = {
			isa = XCBuildConfiguration;
			buildSettings = {
				ALWAYS_SEARCH_USER_PATHS = NO;
				ASSETCATALOG_COMPILER_GENERATE_SWIFT_ASSET_SYMBOL_EXTENSIONS = YES;
				CLANG_ANALYZER_NONNULL = YES;
				CLANG_ANALYZER_NUMBER_OBJECT_CONVERSION = YES_AGGRESSIVE;
				CLANG_CXX_LANGUAGE_STANDARD = "gnu++20";
				CLANG_ENABLE_MODULES = YES;
				CLANG_ENABLE_OBJC_ARC = YES;
				CLANG_ENABLE_OBJC_WEAK = YES;
				CLANG_WARN_BLOCK_CAPTURE_AUTORELEASING = YES;
				CLANG_WARN_BOOL_CONVERSION = YES;
				CLANG_WARN_COMMA = YES;
				CLANG_WARN_CONSTANT_CONVERSION = YES;
				CLANG_WARN_DEPRECATED_OBJC_IMPLEMENTATIONS = YES;
				CLANG_WARN_DIRECT_OBJC_ISA_USAGE = YES_ERROR;
				CLANG_WARN_DOCUMENTATION_COMMENTS = YES;
				CLANG_WARN_EMPTY_BODY = YES;
				CLANG_WARN_ENUM_CONVERSION = YES;
				CLANG_WARN_INFINITE_RECURSION = YES;
				CLANG_WARN_INT_CONVERSION = YES;
				CLANG_WARN_NON_LITERAL_NULL_CONVERSION = YES;
				CLANG_WARN_OBJC_IMPLICIT_RETAIN_SELF = YES;
				CLANG_WARN_OBJC_LITERAL_CONVERSION = YES;
				CLANG_WARN_OBJC_ROOT_CLASS = YES_ERROR;
				CLANG_WARN_QUOTED_INCLUDE_IN_FRAMEWORK_HEADER = YES;
				CLANG_WARN_RANGE_LOOP_ANALYSIS = YES;
				CLANG_WARN_STRICT_PROTOTYPES = YES;
				CLANG_WARN_SUSPICIOUS_MOVE = YES;
				CLANG_WARN_UNGUARDED_AVAILABILITY = YES_AGGRESSIVE;
				CLANG_WARN_UNREACHABLE_CODE = YES;
				CLANG_WARN__DUPLICATE_METHOD_MATCH = YES;
				COPY_PHASE_STRIP = NO;
				DEBUG_INFORMATION_FORMAT = "dwarf-with-dsym";
				ENABLE_NS_ASSERTIONS = NO;
				ENABLE_STRICT_OBJC_MSGSEND = YES;
				ENABLE_USER_SCRIPT_SANDBOXING = YES;
				GCC_C_LANGUAGE_STANDARD = gnu17;
				GCC_NO_COMMON_BLOCKS = YES;
				GCC_WARN_64_TO_32_BIT_CONVERSION = YES;
				GCC_WARN_ABOUT_RETURN_TYPE = YES_ERROR;
				GCC_WARN_UNDECLARED_SELECTOR = YES;
				GCC_WARN_UNINITIALIZED_AUTOS = YES_AGGRESSIVE;
				GCC_WARN_UNUSED_FUNCTION = YES;
				GCC_WARN_UNUSED_VARIABLE = YES;
				IPHONEOS_DEPLOYMENT_TARGET = 18.0;
				LOCALIZATION_PREFERS_STRING_CATALOGS = YES;
				MTL_ENABLE_DEBUG_INFO = NO;
				MTL_FAST_MATH = YES;
				SDKROOT = iphoneos;
				SWIFT_COMPILATION_MODE = wholemodule;
				VALIDATE_PRODUCT = YES;
			};
			name = Release;
		};
		A86776352E06E12A000A3027 /* Debug */ = {
			isa = XCBuildConfiguration;
			buildSettings = {
				ASSETCATALOG_COMPILER_APPICON_NAME = AppIcon;
				ASSETCATALOG_COMPILER_GLOBAL_ACCENT_COLOR_NAME = AccentColor;
				CODE_SIGN_STYLE = Automatic;
				CURRENT_PROJECT_VERSION = 1;
				DEVELOPMENT_ASSET_PATHS = "\"MyMovie/Preview Content\"";
				DEVELOPMENT_TEAM = Z2D7GK7Q9Q;
				ENABLE_PREVIEWS = YES;
				GENERATE_INFOPLIST_FILE = YES;
				INFOPLIST_KEY_UIApplicationSceneManifest_Generation = YES;
				INFOPLIST_KEY_UIApplicationSupportsIndirectInputEvents = YES;
				INFOPLIST_KEY_UILaunchScreen_Generation = YES;
				INFOPLIST_KEY_UISupportedInterfaceOrientations_iPad = "UIInterfaceOrientationPortrait UIInterfaceOrientationPortraitUpsideDown UIInterfaceOrientationLandscapeLeft UIInterfaceOrientationLandscapeRight";
				INFOPLIST_KEY_UISupportedInterfaceOrientations_iPhone = "UIInterfaceOrientationPortrait UIInterfaceOrientationLandscapeLeft UIInterfaceOrientationLandscapeRight";
				IPHONEOS_DEPLOYMENT_TARGET = 15.0;
				LD_RUNPATH_SEARCH_PATHS = (
					"$(inherited)",
					"@executable_path/Frameworks",
				);
				MARKETING_VERSION = 1.0;
				PRODUCT_BUNDLE_IDENTIFIER = Mostafa.MyMovie;
				PRODUCT_NAME = "$(TARGET_NAME)";
				SUPPORTED_PLATFORMS = "iphoneos iphonesimulator";
				SUPPORTS_MACCATALYST = NO;
				SUPPORTS_MAC_DESIGNED_FOR_IPHONE_IPAD = NO;
				SUPPORTS_XR_DESIGNED_FOR_IPHONE_IPAD = NO;
				SWIFT_EMIT_LOC_STRINGS = YES;
				SWIFT_VERSION = 5.0;
				TARGETED_DEVICE_FAMILY = 1;
			};
			name = Debug;
		};
		A86776362E06E12A000A3027 /* Release */ = {
			isa = XCBuildConfiguration;
			buildSettings = {
				ASSETCATALOG_COMPILER_APPICON_NAME = AppIcon;
				ASSETCATALOG_COMPILER_GLOBAL_ACCENT_COLOR_NAME = AccentColor;
				CODE_SIGN_STYLE = Automatic;
				CURRENT_PROJECT_VERSION = 1;
				DEVELOPMENT_ASSET_PATHS = "\"MyMovie/Preview Content\"";
				DEVELOPMENT_TEAM = Z2D7GK7Q9Q;
				ENABLE_PREVIEWS = YES;
				GENERATE_INFOPLIST_FILE = YES;
				INFOPLIST_KEY_UIApplicationSceneManifest_Generation = YES;
				INFOPLIST_KEY_UIApplicationSupportsIndirectInputEvents = YES;
				INFOPLIST_KEY_UILaunchScreen_Generation = YES;
				INFOPLIST_KEY_UISupportedInterfaceOrientations_iPad = "UIInterfaceOrientationPortrait UIInterfaceOrientationPortraitUpsideDown UIInterfaceOrientationLandscapeLeft UIInterfaceOrientationLandscapeRight";
				INFOPLIST_KEY_UISupportedInterfaceOrientations_iPhone = "UIInterfaceOrientationPortrait UIInterfaceOrientationLandscapeLeft UIInterfaceOrientationLandscapeRight";
				IPHONEOS_DEPLOYMENT_TARGET = 15.0;
				LD_RUNPATH_SEARCH_PATHS = (
					"$(inherited)",
					"@executable_path/Frameworks",
				);
				MARKETING_VERSION = 1.0;
				PRODUCT_BUNDLE_IDENTIFIER = Mostafa.MyMovie;
				PRODUCT_NAME = "$(TARGET_NAME)";
				SUPPORTED_PLATFORMS = "iphoneos iphonesimulator";
				SUPPORTS_MACCATALYST = NO;
				SUPPORTS_MAC_DESIGNED_FOR_IPHONE_IPAD = NO;
				SUPPORTS_XR_DESIGNED_FOR_IPHONE_IPAD = NO;
				SWIFT_EMIT_LOC_STRINGS = YES;
				SWIFT_VERSION = 5.0;
				TARGETED_DEVICE_FAMILY = 1;
			};
			name = Release;
		};
		A86776382E06E12A000A3027 /* Debug */ = {
			isa = XCBuildConfiguration;
			buildSettings = {
				BUNDLE_LOADER = "$(TEST_HOST)";
				CODE_SIGN_STYLE = Automatic;
				CURRENT_PROJECT_VERSION = 1;
				DEVELOPMENT_TEAM = Z2D7GK7Q9Q;
				GENERATE_INFOPLIST_FILE = YES;
				IPHONEOS_DEPLOYMENT_TARGET = 18.0;
				MARKETING_VERSION = 1.0;
				PRODUCT_BUNDLE_IDENTIFIER = Mostafa.MyMovieTests;
				PRODUCT_NAME = "$(TARGET_NAME)";
				SWIFT_EMIT_LOC_STRINGS = NO;
				SWIFT_VERSION = 5.0;
				TARGETED_DEVICE_FAMILY = "1,2";
				TEST_HOST = "$(BUILT_PRODUCTS_DIR)/MyMovie.app/$(BUNDLE_EXECUTABLE_FOLDER_PATH)/MyMovie";
			};
			name = Debug;
		};
		A86776392E06E12A000A3027 /* Release */ = {
			isa = XCBuildConfiguration;
			buildSettings = {
				BUNDLE_LOADER = "$(TEST_HOST)";
				CODE_SIGN_STYLE = Automatic;
				CURRENT_PROJECT_VERSION = 1;
				DEVELOPMENT_TEAM = Z2D7GK7Q9Q;
				GENERATE_INFOPLIST_FILE = YES;
				IPHONEOS_DEPLOYMENT_TARGET = 18.0;
				MARKETING_VERSION = 1.0;
				PRODUCT_BUNDLE_IDENTIFIER = Mostafa.MyMovieTests;
				PRODUCT_NAME = "$(TARGET_NAME)";
				SWIFT_EMIT_LOC_STRINGS = NO;
				SWIFT_VERSION = 5.0;
				TARGETED_DEVICE_FAMILY = "1,2";
				TEST_HOST = "$(BUILT_PRODUCTS_DIR)/MyMovie.app/$(BUNDLE_EXECUTABLE_FOLDER_PATH)/MyMovie";
			};
			name = Release;
		};
		A867763B2E06E12A000A3027 /* Debug */ = {
			isa = XCBuildConfiguration;
			buildSettings = {
				CODE_SIGN_STYLE = Automatic;
				CURRENT_PROJECT_VERSION = 1;
				DEVELOPMENT_TEAM = Z2D7GK7Q9Q;
				GENERATE_INFOPLIST_FILE = YES;
				MARKETING_VERSION = 1.0;
				PRODUCT_BUNDLE_IDENTIFIER = Mostafa.MyMovieUITests;
				PRODUCT_NAME = "$(TARGET_NAME)";
				SWIFT_EMIT_LOC_STRINGS = NO;
				SWIFT_VERSION = 5.0;
				TARGETED_DEVICE_FAMILY = "1,2";
				TEST_TARGET_NAME = MyMovie;
			};
			name = Debug;
		};
		A867763C2E06E12A000A3027 /* Release */ = {
			isa = XCBuildConfiguration;
			buildSettings = {
				CODE_SIGN_STYLE = Automatic;
				CURRENT_PROJECT_VERSION = 1;
				DEVELOPMENT_TEAM = Z2D7GK7Q9Q;
				GENERATE_INFOPLIST_FILE = YES;
				MARKETING_VERSION = 1.0;
				PRODUCT_BUNDLE_IDENTIFIER = Mostafa.MyMovieUITests;
				PRODUCT_NAME = "$(TARGET_NAME)";
				SWIFT_EMIT_LOC_STRINGS = NO;
				SWIFT_VERSION = 5.0;
				TARGETED_DEVICE_FAMILY = "1,2";
				TEST_TARGET_NAME = MyMovie;
			};
			name = Release;
		};
/* End XCBuildConfiguration section */

/* Begin XCConfigurationList section */
		A867760B2E06E129000A3027 /* Build configuration list for PBXProject "MyMovie" */ = {
			isa = XCConfigurationList;
			buildConfigurations = (
				A86776322E06E12A000A3027 /* Debug */,
				A86776332E06E12A000A3027 /* Release */,
			);
			defaultConfigurationIsVisible = 0;
			defaultConfigurationName = Release;
		};
		A86776342E06E12A000A3027 /* Build configuration list for PBXNativeTarget "MyMovie" */ = {
			isa = XCConfigurationList;
			buildConfigurations = (
				A86776352E06E12A000A3027 /* Debug */,
				A86776362E06E12A000A3027 /* Release */,
			);
			defaultConfigurationIsVisible = 0;
			defaultConfigurationName = Release;
		};
		A86776372E06E12A000A3027 /* Build configuration list for PBXNativeTarget "MyMovieTests" */ = {
			isa = XCConfigurationList;
			buildConfigurations = (
				A86776382E06E12A000A3027 /* Debug */,
				A86776392E06E12A000A3027 /* Release */,
			);
			defaultConfigurationIsVisible = 0;
			defaultConfigurationName = Release;
		};
		A867763A2E06E12A000A3027 /* Build configuration list for PBXNativeTarget "MyMovieUITests" */ = {
			isa = XCConfigurationList;
			buildConfigurations = (
				A867763B2E06E12A000A3027 /* Debug */,
				A867763C2E06E12A000A3027 /* Release */,
			);
			defaultConfigurationIsVisible = 0;
			defaultConfigurationName = Release;
		};
/* End XCConfigurationList section */

/* Begin XCSwiftPackageProductDependency section */
		A867763F2E06E156000A3027 /* Data */ = {
			isa = XCSwiftPackageProductDependency;
			productName = Data;
		};
		A86776422E06E16D000A3027 /* Domain */ = {
			isa = XCSwiftPackageProductDependency;
			productName = Domain;
		};
		A86776462E06E1A6000A3027 /* Presentation */ = {
			isa = XCSwiftPackageProductDependency;
			productName = Presentation;
		};
		A86776482E06E1AC000A3027 /* Core */ = {
			isa = XCSwiftPackageProductDependency;
			productName = Core;
		};
/* End XCSwiftPackageProductDependency section */
	};
	rootObject = A86776082E06E129000A3027 /* Project object */;
}
